
Microsoft Visual Studio Solution File, Format Version 11.00
# Visual Web Developer Express 2010
Project("{FAE04EC0-301F-11D3-BF4B-00C04F79EFBC}") = "WebTV.Frontend", "WebTV.Frontend\WebTV.Frontend.csproj", "{99A66CA5-5B21-4B27-872C-B8AEE1CFEB1E}"
EndProject
Project("{FAE04EC0-301F-11D3-BF4B-00C04F79EFBC}") = "WebTV.Model", "WebTV.Model\WebTV.Model.csproj", "{968C4374-82A0-4472-AD34-4D78589A747B}"
EndProject
Project("{FAE04EC0-301F-11D3-BF4B-00C04F79EFBC}") = "WebTV.Imaging", "WebTV.ImageChecker\WebTV.Imaging.csproj", "{2A2BDE8C-C843-465F-AA92-00F75B07D0C1}"
EndProject
Global
	GlobalSection(SolutionConfigurationPlatforms) = preSolution
		Debug|Any CPU = Debug|Any CPU
		Release|Any CPU = Release|Any CPU
	EndGlobalSection
	GlobalSection(ProjectConfigurationPlatforms) = postSolution
		{99A66CA5-5B21-4B27-872C-B8AEE1CFEB1E}.Debug|Any CPU.ActiveCfg = Debug|Any CPU
		{99A66CA5-5B21-4B27-872C-B8AEE1CFEB1E}.Debug|Any CPU.Build.0 = Debug|Any CPU
		{99A66CA5-5B21-4B27-872C-B8AEE1CFEB1E}.Release|Any CPU.ActiveCfg = Release|Any CPU
		{99A66CA5-5B21-4B27-872C-B8AEE1CFEB1E}.Release|Any CPU.Build.0 = Release|Any CPU
		{968C4374-82A0-4472-AD34-4D78589A747B}.Debug|Any CPU.ActiveCfg = Debug|Any CPU
		{968C4374-82A0-4472-AD34-4D78589A747B}.Debug|Any CPU.Build.0 = Debug|Any CPU
		{968C4374-82A0-4472-AD34-4D78589A747B}.Release|Any CPU.ActiveCfg = Release|Any CPU
		{968C4374-82A0-4472-AD34-4D78589A747B}.Release|Any CPU.Build.0 = Release|Any CPU
		{2A2BDE8C-C843-465F-AA92-00F75B07D0C1}.Debug|Any CPU.ActiveCfg = Debug|Any CPU
		{2A2BDE8C-C843-465F-AA92-00F75B07D0C1}.Debug|Any CPU.Build.0 = Debug|Any CPU
		{2A2BDE8C-C843-465F-AA92-00F75B07D0C1}.Release|Any CPU.ActiveCfg = Release|Any CPU
		{2A2BDE8C-C843-465F-AA92-00F75B07D0C1}.Release|Any CPU.Build.0 = Release|Any CPU
	EndGlobalSection
	GlobalSection(SolutionProperties) = preSolution
		HideSolutionNode = FALSE
	EndGlobalSection
EndGlobal
